// !$*UTF8*$!
{
	archiveVersion = 1;
	classes = {
	};
	objectVersion = 55;
	objects = {

/* Begin PBXBuildFile section */
		161389D92C11B28000098DE7 /* OTPView.swift in Sources */ = {isa = PBXBuildFile; fileRef = 161389D82C11B28000098DE7 /* OTPView.swift */; };
		161389DB2C11B9E500098DE7 /* DataModels.swift in Sources */ = {isa = PBXBuildFile; fileRef = 161389DA2C11B9E500098DE7 /* DataModels.swift */; };
		161389DD2C11C17400098DE7 /* Data Models.swift in Sources */ = {isa = PBXBuildFile; fileRef = 161389DC2C11C17400098DE7 /* Data Models.swift */; };
		168F31452C14201F000D9406 /* OTP API Manager.swift in Sources */ = {isa = PBXBuildFile; fileRef = 168F31442C14201F000D9406 /* OTP API Manager.swift */; };
		168F31472C143664000D9406 /* KeyboardResponder.swift in Sources */ = {isa = PBXBuildFile; fileRef = 168F31462C143664000D9406 /* KeyboardResponder.swift */; };
		168F31492C145E8E000D9406 /* OtpEntryView.swift in Sources */ = {isa = PBXBuildFile; fileRef = 168F31482C145E8E000D9406 /* OtpEntryView.swift */; };
		168F31522C14690C000D9406 /* UIViewRepresentable.swift in Sources */ = {isa = PBXBuildFile; fileRef = 168F31512C14690C000D9406 /* UIViewRepresentable.swift */; };
		1697B0702C117DA20078EC1F /* APIService.swift in Sources */ = {isa = PBXBuildFile; fileRef = 1697B06F2C117DA20078EC1F /* APIService.swift */; };
		1697D8112C187FBB00B017E3 /* Mainpage.swift in Sources */ = {isa = PBXBuildFile; fileRef = 1697D8102C187FBB00B017E3 /* Mainpage.swift */; };
		169E337F2C1AC9F900C3714E /* OtpApi.swift in Sources */ = {isa = PBXBuildFile; fileRef = 169E337E2C1AC9F900C3714E /* OtpApi.swift */; };
		169E33862C1ACC5900C3714E /* AlertComponents.swift in Sources */ = {isa = PBXBuildFile; fileRef = 169E33852C1ACC5900C3714E /* AlertComponents.swift */; };
		169E36072C3FB939001948A0 /* Notifcation .swift in Sources */ = {isa = PBXBuildFile; fileRef = 169E36062C3FB939001948A0 /* Notifcation .swift */; };
		16AAB4832C2A9771001FC512 /* BusinessSelectionView.swift in Sources */ = {isa = PBXBuildFile; fileRef = 16AAB4822C2A9770001FC512 /* BusinessSelectionView.swift */; };
		16AB48862C341C68005DA274 /* Post.swift in Sources */ = {isa = PBXBuildFile; fileRef = 16AB48852C341C68005DA274 /* Post.swift */; };
		16AB48882C341C8B005DA274 /* VouchersView.swift in Sources */ = {isa = PBXBuildFile; fileRef = 16AB48872C341C8B005DA274 /* VouchersView.swift */; };
		16C683FF2C119BBE00312199 /* SignUpApiServer.swift in Sources */ = {isa = PBXBuildFile; fileRef = 16C683FE2C119BBE00312199 /* SignUpApiServer.swift */; };
		16CA4B7E2C2C36E100DB4EB5 /* LogoutManager.swift in Sources */ = {isa = PBXBuildFile; fileRef = 16CA4B7D2C2C36E000DB4EB5 /* LogoutManager.swift */; };
		16CE6E692C106AA6000FD702 /* Digital_SoftsApp.swift in Sources */ = {isa = PBXBuildFile; fileRef = 16CE6E682C106AA5000FD702 /* Digital_SoftsApp.swift */; };
		16CE6E6B2C106AA6000FD702 /* ContentView.swift in Sources */ = {isa = PBXBuildFile; fileRef = 16CE6E6A2C106AA6000FD702 /* ContentView.swift */; };
		16CE6E6D2C106AA9000FD702 /* Assets.xcassets in Resources */ = {isa = PBXBuildFile; fileRef = 16CE6E6C2C106AA9000FD702 /* Assets.xcassets */; };
		16CE6E702C106AA9000FD702 /* Preview Assets.xcassets in Resources */ = {isa = PBXBuildFile; fileRef = 16CE6E6F2C106AA9000FD702 /* Preview Assets.xcassets */; };
		16CE6E772C106AC2000FD702 /* Master-Login.swift in Sources */ = {isa = PBXBuildFile; fileRef = 16CE6E762C106AC2000FD702 /* Master-Login.swift */; };
		16CE6E7C2C1075E0000FD702 /* SignIn.swift in Sources */ = {isa = PBXBuildFile; fileRef = 16CE6E7B2C1075E0000FD702 /* SignIn.swift */; };
		16DE395D2C134094003E5C91 /* Alamofire in Frameworks */ = {isa = PBXBuildFile; productRef = 16DE395C2C134094003E5C91 /* Alamofire */; };
/* End PBXBuildFile section */

/* Begin PBXFileReference section */
		161389D82C11B28000098DE7 /* OTPView.swift */ = {isa = PBXFileReference; lastKnownFileType = sourcecode.swift; path = OTPView.swift; sourceTree = "<group>"; };
		161389DA2C11B9E500098DE7 /* DataModels.swift */ = {isa = PBXFileReference; lastKnownFileType = sourcecode.swift; path = DataModels.swift; sourceTree = "<group>"; };
		161389DC2C11C17400098DE7 /* Data Models.swift */ = {isa = PBXFileReference; lastKnownFileType = sourcecode.swift; path = "Data Models.swift"; sourceTree = "<group>"; };
		168F31442C14201F000D9406 /* OTP API Manager.swift */ = {isa = PBXFileReference; lastKnownFileType = sourcecode.swift; path = "OTP API Manager.swift"; sourceTree = "<group>"; };
		168F31462C143664000D9406 /* KeyboardResponder.swift */ = {isa = PBXFileReference; lastKnownFileType = sourcecode.swift; path = KeyboardResponder.swift; sourceTree = "<group>"; };
		168F31482C145E8E000D9406 /* OtpEntryView.swift */ = {isa = PBXFileReference; lastKnownFileType = sourcecode.swift; path = OtpEntryView.swift; sourceTree = "<group>"; };
		168F31512C14690C000D9406 /* UIViewRepresentable.swift */ = {isa = PBXFileReference; lastKnownFileType = sourcecode.swift; path = UIViewRepresentable.swift; sourceTree = "<group>"; };
		1697B06F2C117DA20078EC1F /* APIService.swift */ = {isa = PBXFileReference; lastKnownFileType = sourcecode.swift; path = APIService.swift; sourceTree = "<group>"; };
		1697D8102C187FBB00B017E3 /* Mainpage.swift */ = {isa = PBXFileReference; lastKnownFileType = sourcecode.swift; path = Mainpage.swift; sourceTree = "<group>"; };
		169E337E2C1AC9F900C3714E /* OtpApi.swift */ = {isa = PBXFileReference; lastKnownFileType = sourcecode.swift; path = OtpApi.swift; sourceTree = "<group>"; };
		169E33852C1ACC5900C3714E /* AlertComponents.swift */ = {isa = PBXFileReference; lastKnownFileType = sourcecode.swift; path = AlertComponents.swift; sourceTree = "<group>"; };
		169E36062C3FB939001948A0 /* Notifcation .swift */ = {isa = PBXFileReference; lastKnownFileType = sourcecode.swift; path = "Notifcation .swift"; sourceTree = "<group>"; };
		16AAB4822C2A9770001FC512 /* BusinessSelectionView.swift */ = {isa = PBXFileReference; lastKnownFileType = sourcecode.swift; path = BusinessSelectionView.swift; sourceTree = "<group>"; };
		16AB48852C341C68005DA274 /* Post.swift */ = {isa = PBXFileReference; lastKnownFileType = sourcecode.swift; path = Post.swift; sourceTree = "<group>"; };
		16AB48872C341C8B005DA274 /* VouchersView.swift */ = {isa = PBXFileReference; lastKnownFileType = sourcecode.swift; path = VouchersView.swift; sourceTree = "<group>"; };
		16C683FE2C119BBE00312199 /* SignUpApiServer.swift */ = {isa = PBXFileReference; lastKnownFileType = sourcecode.swift; path = SignUpApiServer.swift; sourceTree = "<group>"; };
		16CA4B7D2C2C36E000DB4EB5 /* LogoutManager.swift */ = {isa = PBXFileReference; lastKnownFileType = sourcecode.swift; path = LogoutManager.swift; sourceTree = "<group>"; };
		16CE6E652C106AA5000FD702 /* Digital Softs.app */ = {isa = PBXFileReference; explicitFileType = wrapper.application; includeInIndex = 0; path = "Digital Softs.app"; sourceTree = BUILT_PRODUCTS_DIR; };
		16CE6E682C106AA5000FD702 /* Digital_SoftsApp.swift */ = {isa = PBXFileReference; lastKnownFileType = sourcecode.swift; path = Digital_SoftsApp.swift; sourceTree = "<group>"; };
		16CE6E6A2C106AA6000FD702 /* ContentView.swift */ = {isa = PBXFileReference; lastKnownFileType = sourcecode.swift; path = ContentView.swift; sourceTree = "<group>"; };
		16CE6E6C2C106AA9000FD702 /* Assets.xcassets */ = {isa = PBXFileReference; lastKnownFileType = folder.assetcatalog; path = Assets.xcassets; sourceTree = "<group>"; };
		16CE6E6F2C106AA9000FD702 /* Preview Assets.xcassets */ = {isa = PBXFileReference; lastKnownFileType = folder.assetcatalog; path = "Preview Assets.xcassets"; sourceTree = "<group>"; };
		16CE6E762C106AC2000FD702 /* Master-Login.swift */ = {isa = PBXFileReference; lastKnownFileType = sourcecode.swift; path = "Master-Login.swift"; sourceTree = "<group>"; };
		16CE6E7B2C1075E0000FD702 /* SignIn.swift */ = {isa = PBXFileReference; lastKnownFileType = sourcecode.swift; path = SignIn.swift; sourceTree = "<group>"; };
/* End PBXFileReference section */

/* Begin PBXFrameworksBuildPhase section */
		16CE6E622C106AA5000FD702 /* Frameworks */ = {
			isa = PBXFrameworksBuildPhase;
			buildActionMask = 2147483647;
			files = (
				16DE395D2C134094003E5C91 /* Alamofire in Frameworks */,
			);
			runOnlyForDeploymentPostprocessing = 0;
		};
/* End PBXFrameworksBuildPhase section */

/* Begin PBXGroup section */
		1697D80F2C187FAB00B017E3 /* Dashboard */ = {
			isa = PBXGroup;
			children = (
				1697D8102C187FBB00B017E3 /* Mainpage.swift */,
				169E36062C3FB939001948A0 /* Notifcation .swift */,
				16AB48852C341C68005DA274 /* Post.swift */,
				16AB48872C341C8B005DA274 /* VouchersView.swift */,
				16AAB4812C2A9761001FC512 /* Selecet Business */,
			);
			path = Dashboard;
			sourceTree = "<group>";
		};
		169E33802C1ACBC300C3714E /* Components */ = {
			isa = PBXGroup;
			children = (
				169E33852C1ACC5900C3714E /* AlertComponents.swift */,
			);
			path = Components;
			sourceTree = "<group>";
		};
		16AAB4812C2A9761001FC512 /* Selecet Business */ = {
			isa = PBXGroup;
			children = (
				16AAB4822C2A9770001FC512 /* BusinessSelectionView.swift */,
			);
			path = "Selecet Business";
			sourceTree = "<group>";
		};
		16AB049D2C147F9100B43451 /* Otp Screen */ = {
			isa = PBXGroup;
			children = (
				168F31482C145E8E000D9406 /* OtpEntryView.swift */,
				168F31442C14201F000D9406 /* OTP API Manager.swift */,
				161389D82C11B28000098DE7 /* OTPView.swift */,
				169E337E2C1AC9F900C3714E /* OtpApi.swift */,
			);
			path = "Otp Screen";
			sourceTree = "<group>";
		};
		16C683FD2C119BA500312199 /* Login */ = {
			isa = PBXGroup;
			children = (
				16CE6E762C106AC2000FD702 /* Master-Login.swift */,
				161389DC2C11C17400098DE7 /* Data Models.swift */,
				1697B06F2C117DA20078EC1F /* APIService.swift */,
			);
			path = Login;
			sourceTree = "<group>";
		};
		16C684002C119BD000312199 /* Signup */ = {
			isa = PBXGroup;
			children = (
				16CE6E7B2C1075E0000FD702 /* SignIn.swift */,
				161389DA2C11B9E500098DE7 /* DataModels.swift */,
				16C683FE2C119BBE00312199 /* SignUpApiServer.swift */,
			);
			path = Signup;
			sourceTree = "<group>";
		};
		16CE6E5C2C106AA5000FD702 = {
			isa = PBXGroup;
			children = (
				16CA4B7D2C2C36E000DB4EB5 /* LogoutManager.swift */,
				169E33802C1ACBC300C3714E /* Components */,
				1697D80F2C187FAB00B017E3 /* Dashboard */,
				168F31512C14690C000D9406 /* UIViewRepresentable.swift */,
				168F31462C143664000D9406 /* KeyboardResponder.swift */,
				16CE6E7A2C107533000FD702 /* Auth */,
				16CE6E672C106AA5000FD702 /* Digital Softs */,
				16CE6E662C106AA5000FD702 /* Products */,
			);
			sourceTree = "<group>";
		};
		16CE6E662C106AA5000FD702 /* Products */ = {
			isa = PBXGroup;
			children = (
				16CE6E652C106AA5000FD702 /* Digital Softs.app */,
			);
			name = Products;
			sourceTree = "<group>";
		};
		16CE6E672C106AA5000FD702 /* Digital Softs */ = {
			isa = PBXGroup;
			children = (
				16CE6E682C106AA5000FD702 /* Digital_SoftsApp.swift */,
				16CE6E6A2C106AA6000FD702 /* ContentView.swift */,
				16CE6E6C2C106AA9000FD702 /* Assets.xcassets */,
				16CE6E6E2C106AA9000FD702 /* Preview Content */,
			);
			path = "Digital Softs";
			sourceTree = "<group>";
		};
		16CE6E6E2C106AA9000FD702 /* Preview Content */ = {
			isa = PBXGroup;
			children = (
				16CE6E6F2C106AA9000FD702 /* Preview Assets.xcassets */,
			);
			path = "Preview Content";
			sourceTree = "<group>";
		};
		16CE6E7A2C107533000FD702 /* Auth */ = {
			isa = PBXGroup;
			children = (
				16C683FD2C119BA500312199 /* Login */,
				16C684002C119BD000312199 /* Signup */,
				16AB049D2C147F9100B43451 /* Otp Screen */,
			);
			path = Auth;
			sourceTree = "<group>";
		};
/* End PBXGroup section */

/* Begin PBXNativeTarget section */
		16CE6E642C106AA5000FD702 /* Digital Softs */ = {
			isa = PBXNativeTarget;
			buildConfigurationList = 16CE6E732C106AA9000FD702 /* Build configuration list for PBXNativeTarget "Digital Softs" */;
			buildPhases = (
				16CE6E612C106AA5000FD702 /* Sources */,
				16CE6E622C106AA5000FD702 /* Frameworks */,
				16CE6E632C106AA5000FD702 /* Resources */,
			);
			buildRules = (
			);
			dependencies = (
			);
			name = "Digital Softs";
			packageProductDependencies = (
				16DE395C2C134094003E5C91 /* Alamofire */,
			);
			productName = "Digital Softs";
			productReference = 16CE6E652C106AA5000FD702 /* Digital Softs.app */;
			productType = "com.apple.product-type.application";
		};
/* End PBXNativeTarget section */

/* Begin PBXProject section */
		16CE6E5D2C106AA5000FD702 /* Project object */ = {
			isa = PBXProject;
			attributes = {
				BuildIndependentTargetsInParallel = 1;
				LastSwiftUpdateCheck = 1340;
				LastUpgradeCheck = 1340;
				TargetAttributes = {
					16CE6E642C106AA5000FD702 = {
						CreatedOnToolsVersion = 13.4.1;
					};
				};
			};
			buildConfigurationList = 16CE6E602C106AA5000FD702 /* Build configuration list for PBXProject "Digital Softs" */;
			compatibilityVersion = "Xcode 13.0";
			developmentRegion = en;
			hasScannedForEncodings = 0;
			knownRegions = (
				en,
				Base,
			);
			mainGroup = 16CE6E5C2C106AA5000FD702;
			packageReferences = (
				16DE395B2C134093003E5C91 /* XCRemoteSwiftPackageReference "Alamofire" */,
			);
			productRefGroup = 16CE6E662C106AA5000FD702 /* Products */;
			projectDirPath = "";
			projectRoot = "";
			targets = (
				16CE6E642C106AA5000FD702 /* Digital Softs */,
			);
		};
/* End PBXProject section */

/* Begin PBXResourcesBuildPhase section */
		16CE6E632C106AA5000FD702 /* Resources */ = {
			isa = PBXResourcesBuildPhase;
			buildActionMask = 2147483647;
			files = (
				16CE6E702C106AA9000FD702 /* Preview Assets.xcassets in Resources */,
				16CE6E6D2C106AA9000FD702 /* Assets.xcassets in Resources */,
			);
			runOnlyForDeploymentPostprocessing = 0;
		};
/* End PBXResourcesBuildPhase section */

/* Begin PBXSourcesBuildPhase section */
		16CE6E612C106AA5000FD702 /* Sources */ = {
			isa = PBXSourcesBuildPhase;
			buildActionMask = 2147483647;
			files = (
				161389D92C11B28000098DE7 /* OTPView.swift in Sources */,
				161389DB2C11B9E500098DE7 /* DataModels.swift in Sources */,
				168F31452C14201F000D9406 /* OTP API Manager.swift in Sources */,
				169E33862C1ACC5900C3714E /* AlertComponents.swift in Sources */,
				168F31472C143664000D9406 /* KeyboardResponder.swift in Sources */,
				16CE6E772C106AC2000FD702 /* Master-Login.swift in Sources */,
				16CE6E6B2C106AA6000FD702 /* ContentView.swift in Sources */,
				16CE6E692C106AA6000FD702 /* Digital_SoftsApp.swift in Sources */,
				1697B0702C117DA20078EC1F /* APIService.swift in Sources */,
				16CA4B7E2C2C36E100DB4EB5 /* LogoutManager.swift in Sources */,
				169E337F2C1AC9F900C3714E /* OtpApi.swift in Sources */,
				16CE6E7C2C1075E0000FD702 /* SignIn.swift in Sources */,
				16AB48862C341C68005DA274 /* Post.swift in Sources */,
				168F31492C145E8E000D9406 /* OtpEntryView.swift in Sources */,
				168F31522C14690C000D9406 /* UIViewRepresentable.swift in Sources */,
				16AB48882C341C8B005DA274 /* VouchersView.swift in Sources */,
				161389DD2C11C17400098DE7 /* Data Models.swift in Sources */,
				16AAB4832C2A9771001FC512 /* BusinessSelectionView.swift in Sources */,
				169E36072C3FB939001948A0 /* Notifcation .swift in Sources */,
				16C683FF2C119BBE00312199 /* SignUpApiServer.swift in Sources */,
				1697D8112C187FBB00B017E3 /* Mainpage.swift in Sources */,
			);
			runOnlyForDeploymentPostprocessing = 0;
		};
/* End PBXSourcesBuildPhase section */

/* Begin XCBuildConfiguration section */
		16CE6E712C106AA9000FD702 /* Debug */ = {
			isa = XCBuildConfiguration;
			buildSettings = {
				ALWAYS_SEARCH_USER_PATHS = NO;
				CLANG_ANALYZER_NONNULL = YES;
				CLANG_ANALYZER_NUMBER_OBJECT_CONVERSION = YES_AGGRESSIVE;
				CLANG_CXX_LANGUAGE_STANDARD = "gnu++17";
				CLANG_ENABLE_MODULES = YES;
				CLANG_ENABLE_OBJC_ARC = YES;
				CLANG_ENABLE_OBJC_WEAK = YES;
				CLANG_WARN_BLOCK_CAPTURE_AUTORELEASING = YES;
				CLANG_WARN_BOOL_CONVERSION = YES;
				CLANG_WARN_COMMA = YES;
				CLANG_WARN_CONSTANT_CONVERSION = YES;
				CLANG_WARN_DEPRECATED_OBJC_IMPLEMENTATIONS = YES;
				CLANG_WARN_DIRECT_OBJC_ISA_USAGE = YES_ERROR;
				CLANG_WARN_DOCUMENTATION_COMMENTS = YES;
				CLANG_WARN_EMPTY_BODY = YES;
				CLANG_WARN_ENUM_CONVERSION = YES;
				CLANG_WARN_INFINITE_RECURSION = YES;
				CLANG_WARN_INT_CONVERSION = YES;
				CLANG_WARN_NON_LITERAL_NULL_CONVERSION = YES;
				CLANG_WARN_OBJC_IMPLICIT_RETAIN_SELF = YES;
				CLANG_WARN_OBJC_LITERAL_CONVERSION = YES;
				CLANG_WARN_OBJC_ROOT_CLASS = YES_ERROR;
				CLANG_WARN_QUOTED_INCLUDE_IN_FRAMEWORK_HEADER = YES;
				CLANG_WARN_RANGE_LOOP_ANALYSIS = YES;
				CLANG_WARN_STRICT_PROTOTYPES = YES;
				CLANG_WARN_SUSPICIOUS_MOVE = YES;
				CLANG_WARN_UNGUARDED_AVAILABILITY = YES_AGGRESSIVE;
				CLANG_WARN_UNREACHABLE_CODE = YES;
				CLANG_WARN__DUPLICATE_METHOD_MATCH = YES;
				COPY_PHASE_STRIP = NO;
				DEBUG_INFORMATION_FORMAT = dwarf;
				ENABLE_STRICT_OBJC_MSGSEND = YES;
				ENABLE_TESTABILITY = YES;
				GCC_C_LANGUAGE_STANDARD = gnu11;
				GCC_DYNAMIC_NO_PIC = NO;
				GCC_NO_COMMON_BLOCKS = YES;
				GCC_OPTIMIZATION_LEVEL = 0;
				GCC_PREPROCESSOR_DEFINITIONS = (
					"DEBUG=1",
					"$(inherited)",
				);
				GCC_WARN_64_TO_32_BIT_CONVERSION = YES;
				GCC_WARN_ABOUT_RETURN_TYPE = YES_ERROR;
				GCC_WARN_UNDECLARED_SELECTOR = YES;
				GCC_WARN_UNINITIALIZED_AUTOS = YES_AGGRESSIVE;
				GCC_WARN_UNUSED_FUNCTION = YES;
				GCC_WARN_UNUSED_VARIABLE = YES;
				IPHONEOS_DEPLOYMENT_TARGET = 15.5;
				MTL_ENABLE_DEBUG_INFO = INCLUDE_SOURCE;
				MTL_FAST_MATH = YES;
				ONLY_ACTIVE_ARCH = YES;
				SDKROOT = iphoneos;
				SWIFT_ACTIVE_COMPILATION_CONDITIONS = DEBUG;
				SWIFT_OPTIMIZATION_LEVEL = "-Onone";
			};
			name = Debug;
		};
		16CE6E722C106AA9000FD702 /* Release */ = {
			isa = XCBuildConfiguration;
			buildSettings = {
				ALWAYS_SEARCH_USER_PATHS = NO;
				CLANG_ANALYZER_NONNULL = YES;
				CLANG_ANALYZER_NUMBER_OBJECT_CONVERSION = YES_AGGRESSIVE;
				CLANG_CXX_LANGUAGE_STANDARD = "gnu++17";
				CLANG_ENABLE_MODULES = YES;
				CLANG_ENABLE_OBJC_ARC = YES;
				CLANG_ENABLE_OBJC_WEAK = YES;
				CLANG_WARN_BLOCK_CAPTURE_AUTORELEASING = YES;
				CLANG_WARN_BOOL_CONVERSION = YES;
				CLANG_WARN_COMMA = YES;
				CLANG_WARN_CONSTANT_CONVERSION = YES;
				CLANG_WARN_DEPRECATED_OBJC_IMPLEMENTATIONS = YES;
				CLANG_WARN_DIRECT_OBJC_ISA_USAGE = YES_ERROR;
				CLANG_WARN_DOCUMENTATION_COMMENTS = YES;
				CLANG_WARN_EMPTY_BODY = YES;
				CLANG_WARN_ENUM_CONVERSION = YES;
				CLANG_WARN_INFINITE_RECURSION = YES;
				CLANG_WARN_INT_CONVERSION = YES;
				CLANG_WARN_NON_LITERAL_NULL_CONVERSION = YES;
				CLANG_WARN_OBJC_IMPLICIT_RETAIN_SELF = YES;
				CLANG_WARN_OBJC_LITERAL_CONVERSION = YES;
				CLANG_WARN_OBJC_ROOT_CLASS = YES_ERROR;
				CLANG_WARN_QUOTED_INCLUDE_IN_FRAMEWORK_HEADER = YES;
				CLANG_WARN_RANGE_LOOP_ANALYSIS = YES;
				CLANG_WARN_STRICT_PROTOTYPES = YES;
				CLANG_WARN_SUSPICIOUS_MOVE = YES;
				CLANG_WARN_UNGUARDED_AVAILABILITY = YES_AGGRESSIVE;
				CLANG_WARN_UNREACHABLE_CODE = YES;
				CLANG_WARN__DUPLICATE_METHOD_MATCH = YES;
				COPY_PHASE_STRIP = NO;
				DEBUG_INFORMATION_FORMAT = "dwarf-with-dsym";
				ENABLE_NS_ASSERTIONS = NO;
				ENABLE_STRICT_OBJC_MSGSEND = YES;
				GCC_C_LANGUAGE_STANDARD = gnu11;
				GCC_NO_COMMON_BLOCKS = YES;
				GCC_WARN_64_TO_32_BIT_CONVERSION = YES;
				GCC_WARN_ABOUT_RETURN_TYPE = YES_ERROR;
				GCC_WARN_UNDECLARED_SELECTOR = YES;
				GCC_WARN_UNINITIALIZED_AUTOS = YES_AGGRESSIVE;
				GCC_WARN_UNUSED_FUNCTION = YES;
				GCC_WARN_UNUSED_VARIABLE = YES;
				IPHONEOS_DEPLOYMENT_TARGET = 15.5;
				MTL_ENABLE_DEBUG_INFO = NO;
				MTL_FAST_MATH = YES;
				SDKROOT = iphoneos;
				SWIFT_COMPILATION_MODE = wholemodule;
				SWIFT_OPTIMIZATION_LEVEL = "-O";
				VALIDATE_PRODUCT = YES;
			};
			name = Release;
		};
		16CE6E742C106AA9000FD702 /* Debug */ = {
			isa = XCBuildConfiguration;
			buildSettings = {
				ASSETCATALOG_COMPILER_APPICON_NAME = AppIcon;
				ASSETCATALOG_COMPILER_GLOBAL_ACCENT_COLOR_NAME = AccentColor;
				CODE_SIGN_STYLE = Automatic;
				CURRENT_PROJECT_VERSION = 1;
				DEVELOPMENT_ASSET_PATHS = "\"Digital Softs/Preview Content\"";
				DEVELOPMENT_TEAM = 9C5FQR487C;
				ENABLE_PREVIEWS = YES;
				GENERATE_INFOPLIST_FILE = YES;
				INFOPLIST_KEY_UIApplicationSceneManifest_Generation = YES;
				INFOPLIST_KEY_UIApplicationSupportsIndirectInputEvents = YES;
				INFOPLIST_KEY_UILaunchScreen_Generation = YES;
				INFOPLIST_KEY_UISupportedInterfaceOrientations = UIInterfaceOrientationPortrait;
				INFOPLIST_KEY_UISupportedInterfaceOrientations_iPad = "UIInterfaceOrientationPortrait UIInterfaceOrientationPortraitUpsideDown UIInterfaceOrientationLandscapeLeft UIInterfaceOrientationLandscapeRight";
				INFOPLIST_KEY_UISupportedInterfaceOrientations_iPhone = "UIInterfaceOrientationPortrait UIInterfaceOrientationLandscapeLeft UIInterfaceOrientationLandscapeRight";
				LD_RUNPATH_SEARCH_PATHS = (
					"$(inherited)",
					"@executable_path/Frameworks",
				);
				MARKETING_VERSION = 1.0;
				PRODUCT_BUNDLE_IDENTIFIER = "MuhamamdAfnan.Digital-Softs";
				PRODUCT_NAME = "$(TARGET_NAME)";
				SWIFT_EMIT_LOC_STRINGS = YES;
				SWIFT_VERSION = 5.0;
				TARGETED_DEVICE_FAMILY = "1,2";
			};
			name = Debug;
		};
		16CE6E752C106AA9000FD702 /* Release */ = {
			isa = XCBuildConfiguration;
			buildSettings = {
				ASSETCATALOG_COMPILER_APPICON_NAME = AppIcon;
				ASSETCATALOG_COMPILER_GLOBAL_ACCENT_COLOR_NAME = AccentColor;
				CODE_SIGN_STYLE = Automatic;
				CURRENT_PROJECT_VERSION = 1;
				DEVELOPMENT_ASSET_PATHS = "\"Digital Softs/Preview Content\"";
				DEVELOPMENT_TEAM = 9C5FQR487C;
				ENABLE_PREVIEWS = YES;
				GENERATE_INFOPLIST_FILE = YES;
				INFOPLIST_KEY_UIApplicationSceneManifest_Generation = YES;
				INFOPLIST_KEY_UIApplicationSupportsIndirectInputEvents = YES;
				INFOPLIST_KEY_UILaunchScreen_Generation = YES;
				INFOPLIST_KEY_UISupportedInterfaceOrientations = UIInterfaceOrientationPortrait;
				INFOPLIST_KEY_UISupportedInterfaceOrientations_iPad = "UIInterfaceOrientationPortrait UIInterfaceOrientationPortraitUpsideDown UIInterfaceOrientationLandscapeLeft UIInterfaceOrientationLandscapeRight";
				INFOPLIST_KEY_UISupportedInterfaceOrientations_iPhone = "UIInterfaceOrientationPortrait UIInterfaceOrientationLandscapeLeft UIInterfaceOrientationLandscapeRight";
				LD_RUNPATH_SEARCH_PATHS = (
					"$(inherited)",
					"@executable_path/Frameworks",
				);
				MARKETING_VERSION = 1.0;
				PRODUCT_BUNDLE_IDENTIFIER = "MuhamamdAfnan.Digital-Softs";
				PRODUCT_NAME = "$(TARGET_NAME)";
				SWIFT_EMIT_LOC_STRINGS = YES;
				SWIFT_VERSION = 5.0;
				TARGETED_DEVICE_FAMILY = "1,2";
			};
			name = Release;
		};
/* End XCBuildConfiguration section */

/* Begin XCConfigurationList section */
		16CE6E602C106AA5000FD702 /* Build configuration list for PBXProject "Digital Softs" */ = {
			isa = XCConfigurationList;
			buildConfigurations = (
				16CE6E712C106AA9000FD702 /* Debug */,
				16CE6E722C106AA9000FD702 /* Release */,
			);
			defaultConfigurationIsVisible = 0;
			defaultConfigurationName = Release;
		};
		16CE6E732C106AA9000FD702 /* Build configuration list for PBXNativeTarget "Digital Softs" */ = {
			isa = XCConfigurationList;
			buildConfigurations = (
				16CE6E742C106AA9000FD702 /* Debug */,
				16CE6E752C106AA9000FD702 /* Release */,
			);
			defaultConfigurationIsVisible = 0;
			defaultConfigurationName = Release;
		};
/* End XCConfigurationList section */

/* Begin XCRemoteSwiftPackageReference section */
		16DE395B2C134093003E5C91 /* XCRemoteSwiftPackageReference "Alamofire" */ = {
			isa = XCRemoteSwiftPackageReference;
			repositoryURL = "https://github.com/Alamofire/Alamofire.git";
			requirement = {
				kind = upToNextMajorVersion;
				minimumVersion = 5.0.0;
			};
		};
/* End XCRemoteSwiftPackageReference section */

/* Begin XCSwiftPackageProductDependency section */
		16DE395C2C134094003E5C91 /* Alamofire */ = {
			isa = XCSwiftPackageProductDependency;
			package = 16DE395B2C134093003E5C91 /* XCRemoteSwiftPackageReference "Alamofire" */;
			productName = Alamofire;
		};
/* End XCSwiftPackageProductDependency section */
	};
	rootObject = 16CE6E5D2C106AA5000FD702 /* Project object */;
}
